// !$*UTF8*$!
{
	archiveVersion = 1;
	classes = {
	};
	objectVersion = 77;
	objects = {

/* Begin PBXBuildFile section */
		24E1DC2B663B26DCEADA08AE /* Pro.swift in Sources */ = {isa = PBXBuildFile; fileRef = 5F351CF7D02AB0537ADBB689 /* Pro.swift */; };
		300C63534C2CE456496BCC56 /* MSALResponseHandling.swift in Sources */ = {isa = PBXBuildFile; fileRef = 606746BB29C67F991A345DC7 /* MSALResponseHandling.swift */; };
		30A90C395839A52FA869E359 /* RuleBookApp.swift in Sources */ = {isa = PBXBuildFile; fileRef = D13E754716B70A913307162C /* RuleBookApp.swift */; };
		36E13F777F772DD299E64A25 /* MSALTokenProvider.swift in Sources */ = {isa = PBXBuildFile; fileRef = D32210122649D35CB55AB2A6 /* MSALTokenProvider.swift */; };
		38122D86E7D5516B34689AFF /* AccountStore.swift in Sources */ = {isa = PBXBuildFile; fileRef = 75EBFFCBB1851E430C038584 /* AccountStore.swift */; };
		5308BB620CA607295E52C72B /* PreviewSeed.swift in Sources */ = {isa = PBXBuildFile; fileRef = 2CA180A07CFA6F9A35D88299 /* PreviewSeed.swift */; };
		597CF2A540D1DB18401FDE58 /* PaywallView.swift in Sources */ = {isa = PBXBuildFile; fileRef = E57B5E4CBFD00D987245C967 /* PaywallView.swift */; };
		6637068E2CCA89FBD6C41A25 /* RulesListViewModel.swift in Sources */ = {isa = PBXBuildFile; fileRef = DD4E1FE31C250BA2778D37DF /* RulesListViewModel.swift */; };
		792874D7A39F0035F46032FB /* RulebookKit in Frameworks */ = {isa = PBXBuildFile; productRef = 4E10F50DC172D15F31C7DD43 /* RulebookKit */; };
		7AC53E14155FCC094E5E5863 /* RuleEditorView.swift in Sources */ = {isa = PBXBuildFile; fileRef = A1F60C0A8E75EE9242771716 /* RuleEditorView.swift */; };
		808DCAF6FF8A56864ACFCA0E /* RuleDiagnostics.swift in Sources */ = {isa = PBXBuildFile; fileRef = 97D94761282964ED07949781 /* RuleDiagnostics.swift */; };
		8AB38089FE11B85E2C4742B7 /* RulesListView.swift in Sources */ = {isa = PBXBuildFile; fileRef = 04737A35D3A609B22837882E /* RulesListView.swift */; };
		9B8CB2A8287D746593404219 /* ConditionEditor.swift in Sources */ = {isa = PBXBuildFile; fileRef = 33C9364D788CDBD25D78BEDF /* ConditionEditor.swift */; };
		9D27D4519087BBE368FD1D95 /* DiagnosticsLog.swift in Sources */ = {isa = PBXBuildFile; fileRef = 47A236F6AA44DFC56E4C77A1 /* DiagnosticsLog.swift */; };
		A26A831271B0377830F17835 /* DesignTokens.swift in Sources */ = {isa = PBXBuildFile; fileRef = 0837E43CDF9DF7B5648234F3 /* DesignTokens.swift */; };
		A3BB8AFF44C7E104143F6A3F /* MSAL in Frameworks */ = {isa = PBXBuildFile; productRef = F405D37C0A53D316D4A68C01 /* MSAL */; };
		A4F90554F0DE7C26F35CD1EA /* AccountsView.swift in Sources */ = {isa = PBXBuildFile; fileRef = BAB651FE9D3FE83085EF2774 /* AccountsView.swift */; };
		B031FBEA1ABA14A19AF230DA /* EmptyStates.swift in Sources */ = {isa = PBXBuildFile; fileRef = 15BC9E3FF4B49208354D0359 /* EmptyStates.swift */; };
		D9AB0810DFF1697C5B24BF0E /* AddAccountView.swift in Sources */ = {isa = PBXBuildFile; fileRef = 65D063BB8D7341C7338CD1AD /* AddAccountView.swift */; };
		E049EE3E14953624AD28E21A /* RuleDetailView.swift in Sources */ = {isa = PBXBuildFile; fileRef = 5C81C42C5360070006BEED62 /* RuleDetailView.swift */; };
		E24E9D6ED452B02948209C0E /* DiagnosticsView.swift in Sources */ = {isa = PBXBuildFile; fileRef = 7C614BBC669724CA455E11F0 /* DiagnosticsView.swift */; };
		E54FBBC090BF8C95339CFCA1 /* Assets.xcassets in Resources */ = {isa = PBXBuildFile; fileRef = BCFFA801C6A0B88625247FBA /* Assets.xcassets */; };
		F20287F8D951B6F3CC89DF59 /* RuleEditorModel.swift in Sources */ = {isa = PBXBuildFile; fileRef = 0178A40B3C75479CB050555C /* RuleEditorModel.swift */; };
/* End PBXBuildFile section */

/* Begin PBXFileReference section */
		0178A40B3C75479CB050555C /* RuleEditorModel.swift */ = {isa = PBXFileReference; lastKnownFileType = sourcecode.swift; path = RuleEditorModel.swift; sourceTree = "<group>"; };
		04737A35D3A609B22837882E /* RulesListView.swift */ = {isa = PBXFileReference; lastKnownFileType = sourcecode.swift; path = RulesListView.swift; sourceTree = "<group>"; };
		0541FFE49B033BF1A6D194F6 /* RuleBook */ = {isa = PBXFileReference; lastKnownFileType = folder; name = RuleBook; path = ..; sourceTree = SOURCE_ROOT; };
		0837E43CDF9DF7B5648234F3 /* DesignTokens.swift */ = {isa = PBXFileReference; lastKnownFileType = sourcecode.swift; path = DesignTokens.swift; sourceTree = "<group>"; };
		15BC9E3FF4B49208354D0359 /* EmptyStates.swift */ = {isa = PBXFileReference; lastKnownFileType = sourcecode.swift; path = EmptyStates.swift; sourceTree = "<group>"; };
		2CA180A07CFA6F9A35D88299 /* PreviewSeed.swift */ = {isa = PBXFileReference; lastKnownFileType = sourcecode.swift; path = PreviewSeed.swift; sourceTree = "<group>"; };
		33C9364D788CDBD25D78BEDF /* ConditionEditor.swift */ = {isa = PBXFileReference; lastKnownFileType = sourcecode.swift; path = ConditionEditor.swift; sourceTree = "<group>"; };
		47A236F6AA44DFC56E4C77A1 /* DiagnosticsLog.swift */ = {isa = PBXFileReference; includeInIndex = 1; lastKnownFileType = sourcecode.swift; path = DiagnosticsLog.swift; sourceTree = "<group>"; };
		5C81C42C5360070006BEED62 /* RuleDetailView.swift */ = {isa = PBXFileReference; lastKnownFileType = sourcecode.swift; path = RuleDetailView.swift; sourceTree = "<group>"; };
		5F351CF7D02AB0537ADBB689 /* Pro.swift */ = {isa = PBXFileReference; lastKnownFileType = sourcecode.swift; path = Pro.swift; sourceTree = "<group>"; };
		606746BB29C67F991A345DC7 /* MSALResponseHandling.swift */ = {isa = PBXFileReference; includeInIndex = 1; lastKnownFileType = sourcecode.swift; path = MSALResponseHandling.swift; sourceTree = "<group>"; };
		65D063BB8D7341C7338CD1AD /* AddAccountView.swift */ = {isa = PBXFileReference; lastKnownFileType = sourcecode.swift; path = AddAccountView.swift; sourceTree = "<group>"; };
		75EBFFCBB1851E430C038584 /* AccountStore.swift */ = {isa = PBXFileReference; lastKnownFileType = sourcecode.swift; path = AccountStore.swift; sourceTree = "<group>"; };
		7C614BBC669724CA455E11F0 /* DiagnosticsView.swift */ = {isa = PBXFileReference; includeInIndex = 1; lastKnownFileType = sourcecode.swift; path = DiagnosticsView.swift; sourceTree = "<group>"; };
		930B7A542CD59DD89DC4CA12 /* Info.plist */ = {isa = PBXFileReference; lastKnownFileType = text.plist; path = Info.plist; sourceTree = "<group>"; };
		97D94761282964ED07949781 /* RuleDiagnostics.swift */ = {isa = PBXFileReference; lastKnownFileType = sourcecode.swift; path = RuleDiagnostics.swift; sourceTree = "<group>"; };
		A1F60C0A8E75EE9242771716 /* RuleEditorView.swift */ = {isa = PBXFileReference; lastKnownFileType = sourcecode.swift; path = RuleEditorView.swift; sourceTree = "<group>"; };
		BAB651FE9D3FE83085EF2774 /* AccountsView.swift */ = {isa = PBXFileReference; lastKnownFileType = sourcecode.swift; path = AccountsView.swift; sourceTree = "<group>"; };
		BCFFA801C6A0B88625247FBA /* Assets.xcassets */ = {isa = PBXFileReference; lastKnownFileType = folder.assetcatalog; path = Assets.xcassets; sourceTree = "<group>"; };
		D13E754716B70A913307162C /* RuleBookApp.swift */ = {isa = PBXFileReference; lastKnownFileType = sourcecode.swift; path = RuleBookApp.swift; sourceTree = "<group>"; };
		D32210122649D35CB55AB2A6 /* MSALTokenProvider.swift */ = {isa = PBXFileReference; lastKnownFileType = sourcecode.swift; path = MSALTokenProvider.swift; sourceTree = "<group>"; };
		DD3295D3215325A09DCFFB50 /* RulebookSimulator.entitlements */ = {isa = PBXFileReference; includeInIndex = 1; lastKnownFileType = text.plist.entitlements; path = RulebookSimulator.entitlements; sourceTree = "<group>"; };
		DD4E1FE31C250BA2778D37DF /* RulesListViewModel.swift */ = {isa = PBXFileReference; lastKnownFileType = sourcecode.swift; path = RulesListViewModel.swift; sourceTree = "<group>"; };
		DF51557542604AA48BF04DCD /* Rulebook.app */ = {isa = PBXFileReference; includeInIndex = 0; lastKnownFileType = wrapper.application; path = Rulebook.app; sourceTree = BUILT_PRODUCTS_DIR; };
		E57B5E4CBFD00D987245C967 /* PaywallView.swift */ = {isa = PBXFileReference; lastKnownFileType = sourcecode.swift; path = PaywallView.swift; sourceTree = "<group>"; };
/* End PBXFileReference section */

/* Begin PBXFrameworksBuildPhase section */
		0055881EBBA417F14C5ECFD7 /* Frameworks */ = {
			isa = PBXFrameworksBuildPhase;
			buildActionMask = 2147483647;
			files = (
				792874D7A39F0035F46032FB /* RulebookKit in Frameworks */,
				A3BB8AFF44C7E104143F6A3F /* MSAL in Frameworks */,
			);
			runOnlyForDeploymentPostprocessing = 0;
		};
/* End PBXFrameworksBuildPhase section */

/* Begin PBXGroup section */
		4138BE30A068FA6A78DEB51C /* Rulebook */ = {
			isa = PBXGroup;
			children = (
				75EBFFCBB1851E430C038584 /* AccountStore.swift */,
				BAB651FE9D3FE83085EF2774 /* AccountsView.swift */,
				65D063BB8D7341C7338CD1AD /* AddAccountView.swift */,
				BCFFA801C6A0B88625247FBA /* Assets.xcassets */,
				33C9364D788CDBD25D78BEDF /* ConditionEditor.swift */,
				0837E43CDF9DF7B5648234F3 /* DesignTokens.swift */,
				15BC9E3FF4B49208354D0359 /* EmptyStates.swift */,
				930B7A542CD59DD89DC4CA12 /* Info.plist */,
				D32210122649D35CB55AB2A6 /* MSALTokenProvider.swift */,
				E57B5E4CBFD00D987245C967 /* PaywallView.swift */,
				2CA180A07CFA6F9A35D88299 /* PreviewSeed.swift */,
				5F351CF7D02AB0537ADBB689 /* Pro.swift */,
				D13E754716B70A913307162C /* RuleBookApp.swift */,
				5C81C42C5360070006BEED62 /* RuleDetailView.swift */,
				97D94761282964ED07949781 /* RuleDiagnostics.swift */,
				0178A40B3C75479CB050555C /* RuleEditorModel.swift */,
				A1F60C0A8E75EE9242771716 /* RuleEditorView.swift */,
				04737A35D3A609B22837882E /* RulesListView.swift */,
				DD4E1FE31C250BA2778D37DF /* RulesListViewModel.swift */,
				47A236F6AA44DFC56E4C77A1 /* DiagnosticsLog.swift */,
				7C614BBC669724CA455E11F0 /* DiagnosticsView.swift */,
				606746BB29C67F991A345DC7 /* MSALResponseHandling.swift */,
				DD3295D3215325A09DCFFB50 /* RulebookSimulator.entitlements */,
			);
			path = Rulebook;
			sourceTree = "<group>";
		};
		8C23DC8C42096877B198C844 /* Packages */ = {
			isa = PBXGroup;
			children = (
				0541FFE49B033BF1A6D194F6 /* RuleBook */,
			);
			name = Packages;
			sourceTree = "<group>";
		};
		966991D2919A7B04A1A4A59D = {
			isa = PBXGroup;
			children = (
				8C23DC8C42096877B198C844 /* Packages */,
				4138BE30A068FA6A78DEB51C /* Rulebook */,
				D0D0A6848D6592310868A5B9 /* Products */,
			);
			sourceTree = "<group>";
		};
		D0D0A6848D6592310868A5B9 /* Products */ = {
			isa = PBXGroup;
			children = (
				DF51557542604AA48BF04DCD /* Rulebook.app */,
			);
			name = Products;
			sourceTree = "<group>";
		};
/* End PBXGroup section */

/* Begin PBXNativeTarget section */
		DE7D9D5EC554635C5E56417D /* Rulebook */ = {
			isa = PBXNativeTarget;
			buildConfigurationList = A7489424D3DB375529CE1BA4 /* Build configuration list for PBXNativeTarget "Rulebook" */;
			buildPhases = (
				8E0418412E920C97EEB45C2B /* Sources */,
				F236FCB84B5E1BDFB9505A5E /* Resources */,
				0055881EBBA417F14C5ECFD7 /* Frameworks */,
			);
			buildRules = (
			);
			dependencies = (
			);
			name = Rulebook;
			packageProductDependencies = (
				4E10F50DC172D15F31C7DD43 /* RulebookKit */,
				F405D37C0A53D316D4A68C01 /* MSAL */,
			);
			productName = Rulebook;
			productReference = DF51557542604AA48BF04DCD /* Rulebook.app */;
			productType = "com.apple.product-type.application";
		};
/* End PBXNativeTarget section */

/* Begin PBXProject section */
		9B5F32C7E1AC3A9B3B438EE5 /* Project object */ = {
			isa = PBXProject;
			attributes = {
				BuildIndependentTargetsInParallel = YES;
				LastUpgradeCheck = 1430;
				TargetAttributes = {
					DE7D9D5EC554635C5E56417D = {
						DevelopmentTeam = Y7KVX7666P;
					};
				};
			};
			buildConfigurationList = A7751F938422C5BE0AD2FE9A /* Build configuration list for PBXProject "Rulebook" */;
			developmentRegion = en;
			hasScannedForEncodings = 0;
			knownRegions = (
				Base,
				en,
			);
			mainGroup = 966991D2919A7B04A1A4A59D;
			minimizedProjectReferenceProxies = 1;
			packageReferences = (
				4C2EEBB3C4C169E91660F090 /* XCRemoteSwiftPackageReference "microsoft-authentication-library-for-objc" */,
				77D3B7BF71EC1A86354AE517 /* XCLocalSwiftPackageReference ".." */,
			);
			preferredProjectObjectVersion = 77;
			productRefGroup = D0D0A6848D6592310868A5B9 /* Products */;
			projectDirPath = "";
			projectRoot = "";
			targets = (
				DE7D9D5EC554635C5E56417D /* Rulebook */,
			);
		};
/* End PBXProject section */

/* Begin PBXResourcesBuildPhase section */
		F236FCB84B5E1BDFB9505A5E /* Resources */ = {
			isa = PBXResourcesBuildPhase;
			buildActionMask = 2147483647;
			files = (
				E54FBBC090BF8C95339CFCA1 /* Assets.xcassets in Resources */,
			);
			runOnlyForDeploymentPostprocessing = 0;
		};
/* End PBXResourcesBuildPhase section */

/* Begin PBXSourcesBuildPhase section */
		8E0418412E920C97EEB45C2B /* Sources */ = {
			isa = PBXSourcesBuildPhase;
			buildActionMask = 2147483647;
			files = (
				38122D86E7D5516B34689AFF /* AccountStore.swift in Sources */,
				A4F90554F0DE7C26F35CD1EA /* AccountsView.swift in Sources */,
				D9AB0810DFF1697C5B24BF0E /* AddAccountView.swift in Sources */,
				9B8CB2A8287D746593404219 /* ConditionEditor.swift in Sources */,
				A26A831271B0377830F17835 /* DesignTokens.swift in Sources */,
				B031FBEA1ABA14A19AF230DA /* EmptyStates.swift in Sources */,
				36E13F777F772DD299E64A25 /* MSALTokenProvider.swift in Sources */,
				597CF2A540D1DB18401FDE58 /* PaywallView.swift in Sources */,
				5308BB620CA607295E52C72B /* PreviewSeed.swift in Sources */,
				24E1DC2B663B26DCEADA08AE /* Pro.swift in Sources */,
				30A90C395839A52FA869E359 /* RuleBookApp.swift in Sources */,
				E049EE3E14953624AD28E21A /* RuleDetailView.swift in Sources */,
				808DCAF6FF8A56864ACFCA0E /* RuleDiagnostics.swift in Sources */,
				F20287F8D951B6F3CC89DF59 /* RuleEditorModel.swift in Sources */,
				7AC53E14155FCC094E5E5863 /* RuleEditorView.swift in Sources */,
				8AB38089FE11B85E2C4742B7 /* RulesListView.swift in Sources */,
				6637068E2CCA89FBD6C41A25 /* RulesListViewModel.swift in Sources */,
				9D27D4519087BBE368FD1D95 /* DiagnosticsLog.swift in Sources */,
				E24E9D6ED452B02948209C0E /* DiagnosticsView.swift in Sources */,
				300C63534C2CE456496BCC56 /* MSALResponseHandling.swift in Sources */,
			);
			runOnlyForDeploymentPostprocessing = 0;
		};
/* End PBXSourcesBuildPhase section */

/* Begin XCBuildConfiguration section */
		7A73AD1D0C060FDE3500C29B /* Debug */ = {
			isa = XCBuildConfiguration;
			buildSettings = {
				ALWAYS_SEARCH_USER_PATHS = NO;
				CLANG_ANALYZER_NONNULL = YES;
				CLANG_ANALYZER_NUMBER_OBJECT_CONVERSION = YES_AGGRESSIVE;
				CLANG_CXX_LANGUAGE_STANDARD = "gnu++14";
				CLANG_CXX_LIBRARY = "libc++";
				CLANG_ENABLE_MODULES = YES;
				CLANG_ENABLE_OBJC_ARC = YES;
				CLANG_ENABLE_OBJC_WEAK = YES;
				CLANG_WARN_BLOCK_CAPTURE_AUTORELEASING = YES;
				CLANG_WARN_BOOL_CONVERSION = YES;
				CLANG_WARN_COMMA = YES;
				CLANG_WARN_CONSTANT_CONVERSION = YES;
				CLANG_WARN_DEPRECATED_OBJC_IMPLEMENTATIONS = YES;
				CLANG_WARN_DIRECT_OBJC_ISA_USAGE = YES_ERROR;
				CLANG_WARN_DOCUMENTATION_COMMENTS = YES;
				CLANG_WARN_EMPTY_BODY = YES;
				CLANG_WARN_ENUM_CONVERSION = YES;
				CLANG_WARN_INFINITE_RECURSION = YES;
				CLANG_WARN_INT_CONVERSION = YES;
				CLANG_WARN_NON_LITERAL_NULL_CONVERSION = YES;
				CLANG_WARN_OBJC_IMPLICIT_RETAIN_SELF = YES;
				CLANG_WARN_OBJC_LITERAL_CONVERSION = YES;
				CLANG_WARN_OBJC_ROOT_CLASS = YES_ERROR;
				CLANG_WARN_QUOTED_INCLUDE_IN_FRAMEWORK_HEADER = YES;
				CLANG_WARN_RANGE_LOOP_ANALYSIS = YES;
				CLANG_WARN_STRICT_PROTOTYPES = YES;
				CLANG_WARN_SUSPICIOUS_MOVE = YES;
				CLANG_WARN_UNGUARDED_AVAILABILITY = YES_AGGRESSIVE;
				CLANG_WARN_UNREACHABLE_CODE = YES;
				CLANG_WARN__DUPLICATE_METHOD_MATCH = YES;
				COPY_PHASE_STRIP = NO;
				DEBUG_INFORMATION_FORMAT = dwarf;
				ENABLE_STRICT_OBJC_MSGSEND = YES;
				ENABLE_TESTABILITY = YES;
				GCC_C_LANGUAGE_STANDARD = gnu11;
				GCC_DYNAMIC_NO_PIC = NO;
				GCC_NO_COMMON_BLOCKS = YES;
				GCC_OPTIMIZATION_LEVEL = 0;
				GCC_PREPROCESSOR_DEFINITIONS = (
					"$(inherited)",
					"DEBUG=1",
				);
				GCC_WARN_64_TO_32_BIT_CONVERSION = YES;
				GCC_WARN_ABOUT_RETURN_TYPE = YES_ERROR;
				GCC_WARN_UNDECLARED_SELECTOR = YES;
				GCC_WARN_UNINITIALIZED_AUTOS = YES_AGGRESSIVE;
				GCC_WARN_UNUSED_FUNCTION = YES;
				GCC_WARN_UNUSED_VARIABLE = YES;
				IPHONEOS_DEPLOYMENT_TARGET = 17.0;
				MTL_ENABLE_DEBUG_INFO = INCLUDE_SOURCE;
				MTL_FAST_MATH = YES;
				ONLY_ACTIVE_ARCH = YES;
				PRODUCT_NAME = "$(TARGET_NAME)";
				SDKROOT = iphoneos;
				SWIFT_ACTIVE_COMPILATION_CONDITIONS = DEBUG;
				SWIFT_OPTIMIZATION_LEVEL = "-Onone";
				SWIFT_VERSION = 5.0;
			};
			name = Debug;
		};
		9633D4C4B510FC0618BABE81 /* Debug */ = {
			isa = XCBuildConfiguration;
			buildSettings = {
				ASSETCATALOG_COMPILER_APPICON_NAME = AppIcon;
				"CODE_SIGN_ENTITLEMENTS[sdk=iphonesimulator*]" = Rulebook/RulebookSimulator.entitlements;
				CODE_SIGN_IDENTITY = "iPhone Developer";
				DEVELOPMENT_TEAM = Y7KVX7666P;
				ENABLE_PREVIEWS = YES;
				INFOPLIST_FILE = Rulebook/Info.plist;
				LD_RUNPATH_SEARCH_PATHS = (
					"$(inherited)",
					"@executable_path/Frameworks",
				);
				MARKETING_VERSION = 1.0;
				PRODUCT_BUNDLE_IDENTIFIER = net.steinbok.Rulebook;
				SDKROOT = iphoneos;
				SWIFT_VERSION = 6.0;
				TARGETED_DEVICE_FAMILY = 1;
			};
			name = Debug;
		};
		BBBA81EE9C1654C466DFB369 /* Release */ = {
			isa = XCBuildConfiguration;
			buildSettings = {
				ASSETCATALOG_COMPILER_APPICON_NAME = AppIcon;
				"CODE_SIGN_ENTITLEMENTS[sdk=iphonesimulator*]" = Rulebook/RulebookSimulator.entitlements;
				CODE_SIGN_IDENTITY = "iPhone Developer";
				DEVELOPMENT_TEAM = Y7KVX7666P;
				ENABLE_PREVIEWS = YES;
				INFOPLIST_FILE = Rulebook/Info.plist;
				LD_RUNPATH_SEARCH_PATHS = (
					"$(inherited)",
					"@executable_path/Frameworks",
				);
				MARKETING_VERSION = 1.0;
				PRODUCT_BUNDLE_IDENTIFIER = net.steinbok.Rulebook;
				SDKROOT = iphoneos;
				SWIFT_VERSION = 6.0;
				TARGETED_DEVICE_FAMILY = 1;
			};
			name = Release;
		};
		F4E0376281C65F35A7F4E251 /* Release */ = {
			isa = XCBuildConfiguration;
			buildSettings = {
				ALWAYS_SEARCH_USER_PATHS = NO;
				CLANG_ANALYZER_NONNULL = YES;
				CLANG_ANALYZER_NUMBER_OBJECT_CONVERSION = YES_AGGRESSIVE;
				CLANG_CXX_LANGUAGE_STANDARD = "gnu++14";
				CLANG_CXX_LIBRARY = "libc++";
				CLANG_ENABLE_MODULES = YES;
				CLANG_ENABLE_OBJC_ARC = YES;
				CLANG_ENABLE_OBJC_WEAK = YES;
				CLANG_WARN_BLOCK_CAPTURE_AUTORELEASING = YES;
				CLANG_WARN_BOOL_CONVERSION = YES;
				CLANG_WARN_COMMA = YES;
				CLANG_WARN_CONSTANT_CONVERSION = YES;
				CLANG_WARN_DEPRECATED_OBJC_IMPLEMENTATIONS = YES;
				CLANG_WARN_DIRECT_OBJC_ISA_USAGE = YES_ERROR;
				CLANG_WARN_DOCUMENTATION_COMMENTS = YES;
				CLANG_WARN_EMPTY_BODY = YES;
				CLANG_WARN_ENUM_CONVERSION = YES;
				CLANG_WARN_INFINITE_RECURSION = YES;
				CLANG_WARN_INT_CONVERSION = YES;
				CLANG_WARN_NON_LITERAL_NULL_CONVERSION = YES;
				CLANG_WARN_OBJC_IMPLICIT_RETAIN_SELF = YES;
				CLANG_WARN_OBJC_LITERAL_CONVERSION = YES;
				CLANG_WARN_OBJC_ROOT_CLASS = YES_ERROR;
				CLANG_WARN_QUOTED_INCLUDE_IN_FRAMEWORK_HEADER = YES;
				CLANG_WARN_RANGE_LOOP_ANALYSIS = YES;
				CLANG_WARN_STRICT_PROTOTYPES = YES;
				CLANG_WARN_SUSPICIOUS_MOVE = YES;
				CLANG_WARN_UNGUARDED_AVAILABILITY = YES_AGGRESSIVE;
				CLANG_WARN_UNREACHABLE_CODE = YES;
				CLANG_WARN__DUPLICATE_METHOD_MATCH = YES;
				COPY_PHASE_STRIP = NO;
				DEBUG_INFORMATION_FORMAT = "dwarf-with-dsym";
				ENABLE_NS_ASSERTIONS = NO;
				ENABLE_STRICT_OBJC_MSGSEND = YES;
				GCC_C_LANGUAGE_STANDARD = gnu11;
				GCC_NO_COMMON_BLOCKS = YES;
				GCC_WARN_64_TO_32_BIT_CONVERSION = YES;
				GCC_WARN_ABOUT_RETURN_TYPE = YES_ERROR;
				GCC_WARN_UNDECLARED_SELECTOR = YES;
				GCC_WARN_UNINITIALIZED_AUTOS = YES_AGGRESSIVE;
				GCC_WARN_UNUSED_FUNCTION = YES;
				GCC_WARN_UNUSED_VARIABLE = YES;
				IPHONEOS_DEPLOYMENT_TARGET = 17.0;
				MTL_ENABLE_DEBUG_INFO = NO;
				MTL_FAST_MATH = YES;
				PRODUCT_NAME = "$(TARGET_NAME)";
				SDKROOT = iphoneos;
				SWIFT_COMPILATION_MODE = wholemodule;
				SWIFT_OPTIMIZATION_LEVEL = "-O";
				SWIFT_VERSION = 5.0;
			};
			name = Release;
		};
/* End XCBuildConfiguration section */

/* Begin XCConfigurationList section */
		A7489424D3DB375529CE1BA4 /* Build configuration list for PBXNativeTarget "Rulebook" */ = {
			isa = XCConfigurationList;
			buildConfigurations = (
				9633D4C4B510FC0618BABE81 /* Debug */,
				BBBA81EE9C1654C466DFB369 /* Release */,
			);
			defaultConfigurationIsVisible = 0;
			defaultConfigurationName = Debug;
		};
		A7751F938422C5BE0AD2FE9A /* Build configuration list for PBXProject "Rulebook" */ = {
			isa = XCConfigurationList;
			buildConfigurations = (
				7A73AD1D0C060FDE3500C29B /* Debug */,
				F4E0376281C65F35A7F4E251 /* Release */,
			);
			defaultConfigurationIsVisible = 0;
			defaultConfigurationName = Debug;
		};
/* End XCConfigurationList section */

/* Begin XCLocalSwiftPackageReference section */
		77D3B7BF71EC1A86354AE517 /* XCLocalSwiftPackageReference ".." */ = {
			isa = XCLocalSwiftPackageReference;
			relativePath = ..;
		};
/* End XCLocalSwiftPackageReference section */

/* Begin XCRemoteSwiftPackageReference section */
		4C2EEBB3C4C169E91660F090 /* XCRemoteSwiftPackageReference "microsoft-authentication-library-for-objc" */ = {
			isa = XCRemoteSwiftPackageReference;
			repositoryURL = "https://github.com/AzureAD/microsoft-authentication-library-for-objc";
			requirement = {
				kind = exactVersion;
				version = 2.16.0;
			};
		};
/* End XCRemoteSwiftPackageReference section */

/* Begin XCSwiftPackageProductDependency section */
		4E10F50DC172D15F31C7DD43 /* RulebookKit */ = {
			isa = XCSwiftPackageProductDependency;
			productName = RulebookKit;
		};
		F405D37C0A53D316D4A68C01 /* MSAL */ = {
			isa = XCSwiftPackageProductDependency;
			package = 4C2EEBB3C4C169E91660F090 /* XCRemoteSwiftPackageReference "microsoft-authentication-library-for-objc" */;
			productName = MSAL;
		};
/* End XCSwiftPackageProductDependency section */
	};
	rootObject = 9B5F32C7E1AC3A9B3B438EE5 /* Project object */;
}
